
Microsoft Visual Studio Solution File, Format Version 12.00
# Visual Studio 2013
VisualStudioVersion = 12.0.30723.0
MinimumVisualStudioVersion = 10.0.40219.1
Project("{FAE04EC0-301F-11D3-BF4B-00C04F79EFBC}") = "FTP_Health_Check", "FTP_Health_Check\FTP_Health_Check.csproj", "{FDB8A5EC-D036-4F0D-A4CC-8AC34E402706}"
EndProject
Global
	GlobalSection(SolutionConfigurationPlatforms) = preSolution
		Debug|Any CPU = Debug|Any CPU
		Release|Any CPU = Release|Any CPU
	EndGlobalSection
	GlobalSection(ProjectConfigurationPlatforms) = postSolution
		{FDB8A5EC-D036-4F0D-A4CC-8AC34E402706}.Debug|Any CPU.ActiveCfg = Debug|Any CPU
		{FDB8A5EC-D036-4F0D-A4CC-8AC34E402706}.Debug|Any CPU.Build.0 = Debug|Any CPU
		{FDB8A5EC-D036-4F0D-A4CC-8AC34E402706}.Release|Any CPU.ActiveCfg = Release|Any CPU
		{FDB8A5EC-D036-4F0D-A4CC-8AC34E402706}.Release|Any CPU.Build.0 = Release|Any CPU
	EndGlobalSection
	GlobalSection(SolutionProperties) = preSolution
		HideSolutionNode = FALSE
	EndGlobalSection
EndGlobal
